
Microsoft Visual Studio Solution File, Format Version 12.00
# Visual Studio 15
VisualStudioVersion = 15.0.27004.2005
MinimumVisualStudioVersion = 10.0.40219.1
Project("{F2A71F9B-5D33-465A-A702-920D77279786}") = "JsonExample", "JsonExample\JsonExample.fsproj", "{38711606-DF48-48C9-98D2-E37BD36DF2D3}"
EndProject
Project("{F2A71F9B-5D33-465A-A702-920D77279786}") = "FSharpTutorial", "FSharpTutorial\FSharpTutorial.fsproj", "{09016C69-89D7-44F5-B4EE-F183477EE205}"
EndProject
Project("{F2A71F9B-5D33-465A-A702-920D77279786}") = "JsonExample.Tests", "JsonExample.Tests\JsonExample.Tests.fsproj", "{4A263A14-8548-4CD7-B1A7-56C9FCB5FA35}"
EndProject
Project("{F2A71F9B-5D33-465A-A702-920D77279786}") = "SqlProviderExample", "SqlProviderExample\SqlProviderExample.fsproj", "{EB6AC571-78E8-4743-B5FD-C370A098D91E}"
EndProject
Project("{F2A71F9B-5D33-465A-A702-920D77279786}") = "WsdlProviderExample", "WsdlProviderExample\WsdlProviderExample.fsproj", "{1F37F6FE-CD72-4B7C-B1E1-6E71779C9715}"
EndProject
Project("{2150E333-8FDC-42A3-9474-1A3956D46DE8}") = "Type Providers", "Type Providers", "{3146F76C-6FCC-404A-9ADA-016148120CAE}"
EndProject
Project("{2150E333-8FDC-42A3-9474-1A3956D46DE8}") = "Language", "Language", "{FA501BB5-FEF5-482B-B446-1DD7FC6ADFB0}"
EndProject
Project("{2150E333-8FDC-42A3-9474-1A3956D46DE8}") = "Interop", "Interop", "{442339B0-5D0A-445A-9E3F-CE81FC789D12}"
EndProject
Project("{2150E333-8FDC-42A3-9474-1A3956D46DE8}") = "CSharp calling FSharp", "CSharp calling FSharp", "{5C79CBE4-034B-43B1-9EFD-A0A0AA1F8B71}"
EndProject
Project("{F2A71F9B-5D33-465A-A702-920D77279786}") = "InteropExample.FSharp", "InteropExample.FSharp\InteropExample.FSharp.fsproj", "{E3C1202A-2029-4C84-A3A1-164252F0C2EA}"
EndProject
Project("{FAE04EC0-301F-11D3-BF4B-00C04F79EFBC}") = "InteropExample.CSharp", "InteropExample.CSharp\InteropExample.CSharp.csproj", "{60CC65E0-4A84-4FFD-9CAA-C665364F0637}"
EndProject
Project("{2150E333-8FDC-42A3-9474-1A3956D46DE8}") = "Solution Items", "Solution Items", "{AF21700F-A8F7-4D29-B178-E4140A1962C0}"
	ProjectSection(SolutionItems) = preProject
		README.md = README.md
	EndProjectSection
EndProject
Project("{2150E333-8FDC-42A3-9474-1A3956D46DE8}") = "Json", "Json", "{6E00CCF0-FF87-49AB-9864-7491097D7502}"
EndProject
Project("{2150E333-8FDC-42A3-9474-1A3956D46DE8}") = "Wsdl", "Wsdl", "{95E0E9BF-A693-43ED-AF89-C2E372CEB705}"
EndProject
Project("{2150E333-8FDC-42A3-9474-1A3956D46DE8}") = "Sql", "Sql", "{BC914B60-63CC-4A9D-8676-5775636DB17C}"
EndProject
Project("{FAE04EC0-301F-11D3-BF4B-00C04F79EFBC}") = "WcfServiceLibraryExample", "WcfServiceLibraryExample\WcfServiceLibraryExample.csproj", "{ACE2981A-713F-4CEC-84C9-DEBF0F4E42B1}"
EndProject
Project("{FAE04EC0-301F-11D3-BF4B-00C04F79EFBC}") = "SelfHostedService", "SelfHostedService\SelfHostedService.csproj", "{58AF0641-629E-43C6-9FF3-3FE368F4C975}"
EndProject
Project("{F2A71F9B-5D33-465A-A702-920D77279786}") = "SqlProgrammabilityProviderExample", "SqlProgrammabilityProviderExample\SqlProgrammabilityProviderExample.fsproj", "{1AE20FA5-E667-4284-93DA-07277A9083B7}"
EndProject
Project("{2150E333-8FDC-42A3-9474-1A3956D46DE8}") = "Databases", "Databases", "{C4D83D70-9778-41EF-ADB4-777818FDCCAE}"
	ProjectSection(SolutionItems) = preProject
		Databases\TestDatabase.mdf = Databases\TestDatabase.mdf
	EndProjectSection
EndProject
Project("{2150E333-8FDC-42A3-9474-1A3956D46DE8}") = "Csv", "Csv", "{69593F29-0DBB-432F-8719-78C8FBCACC56}"
EndProject
Project("{F2A71F9B-5D33-465A-A702-920D77279786}") = "CsvExample", "CsvExample\CsvExample.fsproj", "{E96C07D3-A8BA-4415-B8F4-0867838FDF6C}"
EndProject
Global
	GlobalSection(SolutionConfigurationPlatforms) = preSolution
		Debug|Any CPU = Debug|Any CPU
		Release|Any CPU = Release|Any CPU
	EndGlobalSection
	GlobalSection(ProjectConfigurationPlatforms) = postSolution
		{38711606-DF48-48C9-98D2-E37BD36DF2D3}.Debug|Any CPU.ActiveCfg = Debug|Any CPU
		{38711606-DF48-48C9-98D2-E37BD36DF2D3}.Debug|Any CPU.Build.0 = Debug|Any CPU
		{38711606-DF48-48C9-98D2-E37BD36DF2D3}.Release|Any CPU.ActiveCfg = Release|Any CPU
		{38711606-DF48-48C9-98D2-E37BD36DF2D3}.Release|Any CPU.Build.0 = Release|Any CPU
		{09016C69-89D7-44F5-B4EE-F183477EE205}.Debug|Any CPU.ActiveCfg = Debug|Any CPU
		{09016C69-89D7-44F5-B4EE-F183477EE205}.Debug|Any CPU.Build.0 = Debug|Any CPU
		{09016C69-89D7-44F5-B4EE-F183477EE205}.Release|Any CPU.ActiveCfg = Release|Any CPU
		{09016C69-89D7-44F5-B4EE-F183477EE205}.Release|Any CPU.Build.0 = Release|Any CPU
		{4A263A14-8548-4CD7-B1A7-56C9FCB5FA35}.Debug|Any CPU.ActiveCfg = Debug|Any CPU
		{4A263A14-8548-4CD7-B1A7-56C9FCB5FA35}.Debug|Any CPU.Build.0 = Debug|Any CPU
		{4A263A14-8548-4CD7-B1A7-56C9FCB5FA35}.Release|Any CPU.ActiveCfg = Release|Any CPU
		{4A263A14-8548-4CD7-B1A7-56C9FCB5FA35}.Release|Any CPU.Build.0 = Release|Any CPU
		{EB6AC571-78E8-4743-B5FD-C370A098D91E}.Debug|Any CPU.ActiveCfg = Debug|Any CPU
		{EB6AC571-78E8-4743-B5FD-C370A098D91E}.Debug|Any CPU.Build.0 = Debug|Any CPU
		{EB6AC571-78E8-4743-B5FD-C370A098D91E}.Release|Any CPU.ActiveCfg = Release|Any CPU
		{EB6AC571-78E8-4743-B5FD-C370A098D91E}.Release|Any CPU.Build.0 = Release|Any CPU
		{1F37F6FE-CD72-4B7C-B1E1-6E71779C9715}.Debug|Any CPU.ActiveCfg = Debug|Any CPU
		{1F37F6FE-CD72-4B7C-B1E1-6E71779C9715}.Debug|Any CPU.Build.0 = Debug|Any CPU
		{1F37F6FE-CD72-4B7C-B1E1-6E71779C9715}.Release|Any CPU.ActiveCfg = Release|Any CPU
		{1F37F6FE-CD72-4B7C-B1E1-6E71779C9715}.Release|Any CPU.Build.0 = Release|Any CPU
		{E3C1202A-2029-4C84-A3A1-164252F0C2EA}.Debug|Any CPU.ActiveCfg = Debug|Any CPU
		{E3C1202A-2029-4C84-A3A1-164252F0C2EA}.Debug|Any CPU.Build.0 = Debug|Any CPU
		{E3C1202A-2029-4C84-A3A1-164252F0C2EA}.Release|Any CPU.ActiveCfg = Release|Any CPU
		{E3C1202A-2029-4C84-A3A1-164252F0C2EA}.Release|Any CPU.Build.0 = Release|Any CPU
		{60CC65E0-4A84-4FFD-9CAA-C665364F0637}.Debug|Any CPU.ActiveCfg = Debug|Any CPU
		{60CC65E0-4A84-4FFD-9CAA-C665364F0637}.Debug|Any CPU.Build.0 = Debug|Any CPU
		{60CC65E0-4A84-4FFD-9CAA-C665364F0637}.Release|Any CPU.ActiveCfg = Release|Any CPU
		{60CC65E0-4A84-4FFD-9CAA-C665364F0637}.Release|Any CPU.Build.0 = Release|Any CPU
		{ACE2981A-713F-4CEC-84C9-DEBF0F4E42B1}.Debug|Any CPU.ActiveCfg = Debug|Any CPU
		{ACE2981A-713F-4CEC-84C9-DEBF0F4E42B1}.Debug|Any CPU.Build.0 = Debug|Any CPU
		{ACE2981A-713F-4CEC-84C9-DEBF0F4E42B1}.Release|Any CPU.ActiveCfg = Release|Any CPU
		{ACE2981A-713F-4CEC-84C9-DEBF0F4E42B1}.Release|Any CPU.Build.0 = Release|Any CPU
		{58AF0641-629E-43C6-9FF3-3FE368F4C975}.Debug|Any CPU.ActiveCfg = Debug|Any CPU
		{58AF0641-629E-43C6-9FF3-3FE368F4C975}.Debug|Any CPU.Build.0 = Debug|Any CPU
		{58AF0641-629E-43C6-9FF3-3FE368F4C975}.Release|Any CPU.ActiveCfg = Release|Any CPU
		{58AF0641-629E-43C6-9FF3-3FE368F4C975}.Release|Any CPU.Build.0 = Release|Any CPU
		{1AE20FA5-E667-4284-93DA-07277A9083B7}.Debug|Any CPU.ActiveCfg = Debug|Any CPU
		{1AE20FA5-E667-4284-93DA-07277A9083B7}.Debug|Any CPU.Build.0 = Debug|Any CPU
		{1AE20FA5-E667-4284-93DA-07277A9083B7}.Release|Any CPU.ActiveCfg = Release|Any CPU
		{1AE20FA5-E667-4284-93DA-07277A9083B7}.Release|Any CPU.Build.0 = Release|Any CPU
		{E96C07D3-A8BA-4415-B8F4-0867838FDF6C}.Debug|Any CPU.ActiveCfg = Debug|Any CPU
		{E96C07D3-A8BA-4415-B8F4-0867838FDF6C}.Debug|Any CPU.Build.0 = Debug|Any CPU
		{E96C07D3-A8BA-4415-B8F4-0867838FDF6C}.Release|Any CPU.ActiveCfg = Release|Any CPU
		{E96C07D3-A8BA-4415-B8F4-0867838FDF6C}.Release|Any CPU.Build.0 = Release|Any CPU
	EndGlobalSection
	GlobalSection(SolutionProperties) = preSolution
		HideSolutionNode = FALSE
	EndGlobalSection
	GlobalSection(NestedProjects) = preSolution
		{38711606-DF48-48C9-98D2-E37BD36DF2D3} = {6E00CCF0-FF87-49AB-9864-7491097D7502}
		{09016C69-89D7-44F5-B4EE-F183477EE205} = {FA501BB5-FEF5-482B-B446-1DD7FC6ADFB0}
		{4A263A14-8548-4CD7-B1A7-56C9FCB5FA35} = {6E00CCF0-FF87-49AB-9864-7491097D7502}
		{EB6AC571-78E8-4743-B5FD-C370A098D91E} = {BC914B60-63CC-4A9D-8676-5775636DB17C}
		{1F37F6FE-CD72-4B7C-B1E1-6E71779C9715} = {95E0E9BF-A693-43ED-AF89-C2E372CEB705}
		{5C79CBE4-034B-43B1-9EFD-A0A0AA1F8B71} = {442339B0-5D0A-445A-9E3F-CE81FC789D12}
		{E3C1202A-2029-4C84-A3A1-164252F0C2EA} = {5C79CBE4-034B-43B1-9EFD-A0A0AA1F8B71}
		{60CC65E0-4A84-4FFD-9CAA-C665364F0637} = {5C79CBE4-034B-43B1-9EFD-A0A0AA1F8B71}
		{6E00CCF0-FF87-49AB-9864-7491097D7502} = {3146F76C-6FCC-404A-9ADA-016148120CAE}
		{95E0E9BF-A693-43ED-AF89-C2E372CEB705} = {3146F76C-6FCC-404A-9ADA-016148120CAE}
		{BC914B60-63CC-4A9D-8676-5775636DB17C} = {3146F76C-6FCC-404A-9ADA-016148120CAE}
		{ACE2981A-713F-4CEC-84C9-DEBF0F4E42B1} = {95E0E9BF-A693-43ED-AF89-C2E372CEB705}
		{58AF0641-629E-43C6-9FF3-3FE368F4C975} = {95E0E9BF-A693-43ED-AF89-C2E372CEB705}
		{1AE20FA5-E667-4284-93DA-07277A9083B7} = {BC914B60-63CC-4A9D-8676-5775636DB17C}
		{69593F29-0DBB-432F-8719-78C8FBCACC56} = {3146F76C-6FCC-404A-9ADA-016148120CAE}
		{E96C07D3-A8BA-4415-B8F4-0867838FDF6C} = {69593F29-0DBB-432F-8719-78C8FBCACC56}
	EndGlobalSection
	GlobalSection(ExtensibilityGlobals) = postSolution
		SolutionGuid = {E684C511-CCCB-4EEC-BD50-FD2A14610F7D}
	EndGlobalSection
EndGlobal
